
Microsoft Visual Studio Solution File, Format Version 12.00
# Visual Studio 15
VisualStudioVersion = 15.0.26730.3
MinimumVisualStudioVersion = 10.0.40219.1
Project("{FAE04EC0-301F-11D3-BF4B-00C04F79EFBC}") = "Rakuten.Api.Travel", "Rakuten.Api.Travel.csproj", "{BDC2FB72-6234-4743-A414-48B7634EAA74}"
EndProject
Project("{FAE04EC0-301F-11D3-BF4B-00C04F79EFBC}") = "Rakuten.Api.Travel.Test", "..\Rakuten.Api.Travel.Test\Rakuten.Api.Travel.Test.csproj", "{E722AE31-AD56-4124-BBA1-853410A44EE5}"
EndProject
Global
	GlobalSection(SolutionConfigurationPlatforms) = preSolution
		Debug|Any CPU = Debug|Any CPU
		Release|Any CPU = Release|Any CPU
	EndGlobalSection
	GlobalSection(ProjectConfigurationPlatforms) = postSolution
		{BDC2FB72-6234-4743-A414-48B7634EAA74}.Debug|Any CPU.ActiveCfg = Debug|Any CPU
		{BDC2FB72-6234-4743-A414-48B7634EAA74}.Debug|Any CPU.Build.0 = Debug|Any CPU
		{BDC2FB72-6234-4743-A414-48B7634EAA74}.Release|Any CPU.ActiveCfg = Release|Any CPU
		{BDC2FB72-6234-4743-A414-48B7634EAA74}.Release|Any CPU.Build.0 = Release|Any CPU
		{E722AE31-AD56-4124-BBA1-853410A44EE5}.Debug|Any CPU.ActiveCfg = Debug|Any CPU
		{E722AE31-AD56-4124-BBA1-853410A44EE5}.Debug|Any CPU.Build.0 = Debug|Any CPU
		{E722AE31-AD56-4124-BBA1-853410A44EE5}.Release|Any CPU.ActiveCfg = Release|Any CPU
		{E722AE31-AD56-4124-BBA1-853410A44EE5}.Release|Any CPU.Build.0 = Release|Any CPU
	EndGlobalSection
	GlobalSection(SolutionProperties) = preSolution
		HideSolutionNode = FALSE
	EndGlobalSection
	GlobalSection(ExtensibilityGlobals) = postSolution
		SolutionGuid = {D11469FF-5994-48AF-B299-C526917C84FC}
	EndGlobalSection
EndGlobal
